
Microsoft Visual Studio Solution File, Format Version 12.00
Project("{FAE04EC0-301F-11D3-BF4B-00C04F79EFBC}") = "WebApp", "WebApp\WebApp.csproj", "{FE649CDB-CCB5-4B1D-B457-0CF70AAC9718}"
EndProject
Project("{FAE04EC0-301F-11D3-BF4B-00C04F79EFBC}") = "App.Domain", "App.Domain\App.Domain.csproj", "{684CCC8F-E62A-43A1-8E1E-3C40C2A33855}"
EndProject
Project("{FAE04EC0-301F-11D3-BF4B-00C04F79EFBC}") = "Base.Domain", "Base.Domain\Base.Domain.csproj", "{9391C3AE-D3E8-42DD-B727-75F1325693E1}"
EndProject
Project("{2150E333-8FDC-42A3-9474-1A3956D46DE8}") = "1_App", "1_App", "{CAA8CD28-08DB-42F3-9E22-847CD3299A17}"
EndProject
Project("{2150E333-8FDC-42A3-9474-1A3956D46DE8}") = "2_Base", "2_Base", "{7AC811FD-E44D-401E-9F6B-1E37F44A7604}"
EndProject
Project("{2150E333-8FDC-42A3-9474-1A3956D46DE8}") = "0_Solution_Items", "0_Solution_Items", "{1525A456-414A-4963-BA9D-C9FF96BBBC3F}"
	ProjectSection(SolutionItems) = preProject
		README.md = README.md
		docker-compose.yml = docker-compose.yml
		Directory.Build.props = Directory.Build.props
		.gitignore = .gitignore
		Dockerfile = Dockerfile
		.dockerignore = .dockerignore
	EndProjectSection
EndProject
Project("{FAE04EC0-301F-11D3-BF4B-00C04F79EFBC}") = "Base.Contracts.Domain", "Base.Contracts.Domain\Base.Contracts.Domain.csproj", "{39FAE350-A60F-4F17-A5BD-EB461046B15D}"
EndProject
Project("{FAE04EC0-301F-11D3-BF4B-00C04F79EFBC}") = "App.DAL.EF", "App.DAL.EF\App.DAL.EF.csproj", "{F8E00667-5318-4A16-9765-7B4908F5F964}"
EndProject
Project("{FAE04EC0-301F-11D3-BF4B-00C04F79EFBC}") = "Base.Contracts.DAL", "Base.Contracts.DAL\Base.Contracts.DAL.csproj", "{CEB7ADCA-9CAF-4F91-9123-EF3F8AA7CE72}"
EndProject
Project("{FAE04EC0-301F-11D3-BF4B-00C04F79EFBC}") = "Base.DAL.EF", "Base.DAL.EF\Base.DAL.EF.csproj", "{4B91FAAD-796C-4C94-89F2-013BA638B49D}"
EndProject
Project("{FAE04EC0-301F-11D3-BF4B-00C04F79EFBC}") = "Helpers", "Helpers\Helpers.csproj", "{170D4971-DA8F-4B4C-8C0E-D597F70FFC41}"
EndProject
Project("{FAE04EC0-301F-11D3-BF4B-00C04F79EFBC}") = "App.Contracts.DAL", "App.Contracts.DAL\App.Contracts.DAL.csproj", "{070DD2B1-086F-448D-88D8-DBEE79666867}"
EndProject
Project("{FAE04EC0-301F-11D3-BF4B-00C04F79EFBC}") = "App.DAL.DTO", "App.DAL.DTO\App.DAL.DTO.csproj", "{0EBA99D4-8E1A-472C-9F47-C0539A100E52}"
EndProject
Project("{FAE04EC0-301F-11D3-BF4B-00C04F79EFBC}") = "Base.Contracts.BLL", "Base.Contracts.BLL\Base.Contracts.BLL.csproj", "{D8394701-B568-44E8-99DE-B21457966656}"
EndProject
Project("{FAE04EC0-301F-11D3-BF4B-00C04F79EFBC}") = "Base.BLL", "Base.BLL\Base.BLL.csproj", "{003B0444-CD64-4CA6-85B6-CFB72C0C08F9}"
EndProject
Project("{FAE04EC0-301F-11D3-BF4B-00C04F79EFBC}") = "App.BLL.DTO", "App.BLL.DTO\App.BLL.DTO.csproj", "{20DBF11B-1434-4FED-BEAE-C70E1D335D3B}"
EndProject
Project("{FAE04EC0-301F-11D3-BF4B-00C04F79EFBC}") = "App.Contracts.BLL", "App.Contracts.BLL\App.Contracts.BLL.csproj", "{E69F2920-351C-4009-9DC4-4FF7322C99DF}"
EndProject
Project("{FAE04EC0-301F-11D3-BF4B-00C04F79EFBC}") = "App.BLL", "App.BLL\App.BLL.csproj", "{D2A0C6E2-34E4-4271-A5E0-CD3A40002A2F}"
EndProject
Project("{FAE04EC0-301F-11D3-BF4B-00C04F79EFBC}") = "App.DTO", "App.DTO\App.DTO.csproj", "{FC35F5FA-EBBD-44A2-8660-02A1A1122759}"
EndProject
Project("{FAE04EC0-301F-11D3-BF4B-00C04F79EFBC}") = "Base.Tests", "Base.Tests\Base.Tests.csproj", "{B5E07379-D67A-4280-8B51-364A96ED732A}"
EndProject
Project("{FAE04EC0-301F-11D3-BF4B-00C04F79EFBC}") = "App.Test", "App.Test\App.Test.csproj", "{B7535081-FB0F-4F69-8ACF-AC6FABB466C7}"
EndProject
Global
	GlobalSection(SolutionConfigurationPlatforms) = preSolution
		Debug|Any CPU = Debug|Any CPU
		Release|Any CPU = Release|Any CPU
	EndGlobalSection
	GlobalSection(ProjectConfigurationPlatforms) = postSolution
		{FE649CDB-CCB5-4B1D-B457-0CF70AAC9718}.Debug|Any CPU.ActiveCfg = Debug|Any CPU
		{FE649CDB-CCB5-4B1D-B457-0CF70AAC9718}.Debug|Any CPU.Build.0 = Debug|Any CPU
		{FE649CDB-CCB5-4B1D-B457-0CF70AAC9718}.Release|Any CPU.ActiveCfg = Release|Any CPU
		{FE649CDB-CCB5-4B1D-B457-0CF70AAC9718}.Release|Any CPU.Build.0 = Release|Any CPU
		{684CCC8F-E62A-43A1-8E1E-3C40C2A33855}.Debug|Any CPU.ActiveCfg = Debug|Any CPU
		{684CCC8F-E62A-43A1-8E1E-3C40C2A33855}.Debug|Any CPU.Build.0 = Debug|Any CPU
		{684CCC8F-E62A-43A1-8E1E-3C40C2A33855}.Release|Any CPU.ActiveCfg = Release|Any CPU
		{684CCC8F-E62A-43A1-8E1E-3C40C2A33855}.Release|Any CPU.Build.0 = Release|Any CPU
		{9391C3AE-D3E8-42DD-B727-75F1325693E1}.Debug|Any CPU.ActiveCfg = Debug|Any CPU
		{9391C3AE-D3E8-42DD-B727-75F1325693E1}.Debug|Any CPU.Build.0 = Debug|Any CPU
		{9391C3AE-D3E8-42DD-B727-75F1325693E1}.Release|Any CPU.ActiveCfg = Release|Any CPU
		{9391C3AE-D3E8-42DD-B727-75F1325693E1}.Release|Any CPU.Build.0 = Release|Any CPU
		{39FAE350-A60F-4F17-A5BD-EB461046B15D}.Debug|Any CPU.ActiveCfg = Debug|Any CPU
		{39FAE350-A60F-4F17-A5BD-EB461046B15D}.Debug|Any CPU.Build.0 = Debug|Any CPU
		{39FAE350-A60F-4F17-A5BD-EB461046B15D}.Release|Any CPU.ActiveCfg = Release|Any CPU
		{39FAE350-A60F-4F17-A5BD-EB461046B15D}.Release|Any CPU.Build.0 = Release|Any CPU
		{F8E00667-5318-4A16-9765-7B4908F5F964}.Debug|Any CPU.ActiveCfg = Debug|Any CPU
		{F8E00667-5318-4A16-9765-7B4908F5F964}.Debug|Any CPU.Build.0 = Debug|Any CPU
		{F8E00667-5318-4A16-9765-7B4908F5F964}.Release|Any CPU.ActiveCfg = Release|Any CPU
		{F8E00667-5318-4A16-9765-7B4908F5F964}.Release|Any CPU.Build.0 = Release|Any CPU
		{CEB7ADCA-9CAF-4F91-9123-EF3F8AA7CE72}.Debug|Any CPU.ActiveCfg = Debug|Any CPU
		{CEB7ADCA-9CAF-4F91-9123-EF3F8AA7CE72}.Debug|Any CPU.Build.0 = Debug|Any CPU
		{CEB7ADCA-9CAF-4F91-9123-EF3F8AA7CE72}.Release|Any CPU.ActiveCfg = Release|Any CPU
		{CEB7ADCA-9CAF-4F91-9123-EF3F8AA7CE72}.Release|Any CPU.Build.0 = Release|Any CPU
		{4B91FAAD-796C-4C94-89F2-013BA638B49D}.Debug|Any CPU.ActiveCfg = Debug|Any CPU
		{4B91FAAD-796C-4C94-89F2-013BA638B49D}.Debug|Any CPU.Build.0 = Debug|Any CPU
		{4B91FAAD-796C-4C94-89F2-013BA638B49D}.Release|Any CPU.ActiveCfg = Release|Any CPU
		{4B91FAAD-796C-4C94-89F2-013BA638B49D}.Release|Any CPU.Build.0 = Release|Any CPU
		{170D4971-DA8F-4B4C-8C0E-D597F70FFC41}.Debug|Any CPU.ActiveCfg = Debug|Any CPU
		{170D4971-DA8F-4B4C-8C0E-D597F70FFC41}.Debug|Any CPU.Build.0 = Debug|Any CPU
		{170D4971-DA8F-4B4C-8C0E-D597F70FFC41}.Release|Any CPU.ActiveCfg = Release|Any CPU
		{170D4971-DA8F-4B4C-8C0E-D597F70FFC41}.Release|Any CPU.Build.0 = Release|Any CPU
		{070DD2B1-086F-448D-88D8-DBEE79666867}.Debug|Any CPU.ActiveCfg = Debug|Any CPU
		{070DD2B1-086F-448D-88D8-DBEE79666867}.Debug|Any CPU.Build.0 = Debug|Any CPU
		{070DD2B1-086F-448D-88D8-DBEE79666867}.Release|Any CPU.ActiveCfg = Release|Any CPU
		{070DD2B1-086F-448D-88D8-DBEE79666867}.Release|Any CPU.Build.0 = Release|Any CPU
		{0EBA99D4-8E1A-472C-9F47-C0539A100E52}.Debug|Any CPU.ActiveCfg = Debug|Any CPU
		{0EBA99D4-8E1A-472C-9F47-C0539A100E52}.Debug|Any CPU.Build.0 = Debug|Any CPU
		{0EBA99D4-8E1A-472C-9F47-C0539A100E52}.Release|Any CPU.ActiveCfg = Release|Any CPU
		{0EBA99D4-8E1A-472C-9F47-C0539A100E52}.Release|Any CPU.Build.0 = Release|Any CPU
		{D8394701-B568-44E8-99DE-B21457966656}.Debug|Any CPU.ActiveCfg = Debug|Any CPU
		{D8394701-B568-44E8-99DE-B21457966656}.Debug|Any CPU.Build.0 = Debug|Any CPU
		{D8394701-B568-44E8-99DE-B21457966656}.Release|Any CPU.ActiveCfg = Release|Any CPU
		{D8394701-B568-44E8-99DE-B21457966656}.Release|Any CPU.Build.0 = Release|Any CPU
		{003B0444-CD64-4CA6-85B6-CFB72C0C08F9}.Debug|Any CPU.ActiveCfg = Debug|Any CPU
		{003B0444-CD64-4CA6-85B6-CFB72C0C08F9}.Debug|Any CPU.Build.0 = Debug|Any CPU
		{003B0444-CD64-4CA6-85B6-CFB72C0C08F9}.Release|Any CPU.ActiveCfg = Release|Any CPU
		{003B0444-CD64-4CA6-85B6-CFB72C0C08F9}.Release|Any CPU.Build.0 = Release|Any CPU
		{20DBF11B-1434-4FED-BEAE-C70E1D335D3B}.Debug|Any CPU.ActiveCfg = Debug|Any CPU
		{20DBF11B-1434-4FED-BEAE-C70E1D335D3B}.Debug|Any CPU.Build.0 = Debug|Any CPU
		{20DBF11B-1434-4FED-BEAE-C70E1D335D3B}.Release|Any CPU.ActiveCfg = Release|Any CPU
		{20DBF11B-1434-4FED-BEAE-C70E1D335D3B}.Release|Any CPU.Build.0 = Release|Any CPU
		{E69F2920-351C-4009-9DC4-4FF7322C99DF}.Debug|Any CPU.ActiveCfg = Debug|Any CPU
		{E69F2920-351C-4009-9DC4-4FF7322C99DF}.Debug|Any CPU.Build.0 = Debug|Any CPU
		{E69F2920-351C-4009-9DC4-4FF7322C99DF}.Release|Any CPU.ActiveCfg = Release|Any CPU
		{E69F2920-351C-4009-9DC4-4FF7322C99DF}.Release|Any CPU.Build.0 = Release|Any CPU
		{D2A0C6E2-34E4-4271-A5E0-CD3A40002A2F}.Debug|Any CPU.ActiveCfg = Debug|Any CPU
		{D2A0C6E2-34E4-4271-A5E0-CD3A40002A2F}.Debug|Any CPU.Build.0 = Debug|Any CPU
		{D2A0C6E2-34E4-4271-A5E0-CD3A40002A2F}.Release|Any CPU.ActiveCfg = Release|Any CPU
		{D2A0C6E2-34E4-4271-A5E0-CD3A40002A2F}.Release|Any CPU.Build.0 = Release|Any CPU
		{FC35F5FA-EBBD-44A2-8660-02A1A1122759}.Debug|Any CPU.ActiveCfg = Debug|Any CPU
		{FC35F5FA-EBBD-44A2-8660-02A1A1122759}.Debug|Any CPU.Build.0 = Debug|Any CPU
		{FC35F5FA-EBBD-44A2-8660-02A1A1122759}.Release|Any CPU.ActiveCfg = Release|Any CPU
		{FC35F5FA-EBBD-44A2-8660-02A1A1122759}.Release|Any CPU.Build.0 = Release|Any CPU
		{B5E07379-D67A-4280-8B51-364A96ED732A}.Debug|Any CPU.ActiveCfg = Debug|Any CPU
		{B5E07379-D67A-4280-8B51-364A96ED732A}.Debug|Any CPU.Build.0 = Debug|Any CPU
		{B5E07379-D67A-4280-8B51-364A96ED732A}.Release|Any CPU.ActiveCfg = Release|Any CPU
		{B5E07379-D67A-4280-8B51-364A96ED732A}.Release|Any CPU.Build.0 = Release|Any CPU
		{B7535081-FB0F-4F69-8ACF-AC6FABB466C7}.Debug|Any CPU.ActiveCfg = Debug|Any CPU
		{B7535081-FB0F-4F69-8ACF-AC6FABB466C7}.Debug|Any CPU.Build.0 = Debug|Any CPU
		{B7535081-FB0F-4F69-8ACF-AC6FABB466C7}.Release|Any CPU.ActiveCfg = Release|Any CPU
		{B7535081-FB0F-4F69-8ACF-AC6FABB466C7}.Release|Any CPU.Build.0 = Release|Any CPU
	EndGlobalSection
	GlobalSection(NestedProjects) = preSolution
		{684CCC8F-E62A-43A1-8E1E-3C40C2A33855} = {CAA8CD28-08DB-42F3-9E22-847CD3299A17}
		{9391C3AE-D3E8-42DD-B727-75F1325693E1} = {7AC811FD-E44D-401E-9F6B-1E37F44A7604}
		{FE649CDB-CCB5-4B1D-B457-0CF70AAC9718} = {CAA8CD28-08DB-42F3-9E22-847CD3299A17}
		{39FAE350-A60F-4F17-A5BD-EB461046B15D} = {7AC811FD-E44D-401E-9F6B-1E37F44A7604}
		{F8E00667-5318-4A16-9765-7B4908F5F964} = {CAA8CD28-08DB-42F3-9E22-847CD3299A17}
		{CEB7ADCA-9CAF-4F91-9123-EF3F8AA7CE72} = {7AC811FD-E44D-401E-9F6B-1E37F44A7604}
		{4B91FAAD-796C-4C94-89F2-013BA638B49D} = {7AC811FD-E44D-401E-9F6B-1E37F44A7604}
		{170D4971-DA8F-4B4C-8C0E-D597F70FFC41} = {7AC811FD-E44D-401E-9F6B-1E37F44A7604}
		{070DD2B1-086F-448D-88D8-DBEE79666867} = {CAA8CD28-08DB-42F3-9E22-847CD3299A17}
		{0EBA99D4-8E1A-472C-9F47-C0539A100E52} = {CAA8CD28-08DB-42F3-9E22-847CD3299A17}
		{D8394701-B568-44E8-99DE-B21457966656} = {7AC811FD-E44D-401E-9F6B-1E37F44A7604}
		{003B0444-CD64-4CA6-85B6-CFB72C0C08F9} = {7AC811FD-E44D-401E-9F6B-1E37F44A7604}
		{20DBF11B-1434-4FED-BEAE-C70E1D335D3B} = {CAA8CD28-08DB-42F3-9E22-847CD3299A17}
		{E69F2920-351C-4009-9DC4-4FF7322C99DF} = {CAA8CD28-08DB-42F3-9E22-847CD3299A17}
		{D2A0C6E2-34E4-4271-A5E0-CD3A40002A2F} = {CAA8CD28-08DB-42F3-9E22-847CD3299A17}
		{FC35F5FA-EBBD-44A2-8660-02A1A1122759} = {CAA8CD28-08DB-42F3-9E22-847CD3299A17}
		{B5E07379-D67A-4280-8B51-364A96ED732A} = {7AC811FD-E44D-401E-9F6B-1E37F44A7604}
		{B7535081-FB0F-4F69-8ACF-AC6FABB466C7} = {CAA8CD28-08DB-42F3-9E22-847CD3299A17}
	EndGlobalSection
EndGlobal
